{
  "nodes": {
    "flake-utils": {
      "inputs": {
        "systems": [
          "systems"
        ]
      },
      "locked": {
        "lastModified": 1731533236,
        "narHash": "sha256-l0KFg5HjrsfsO/JpG+r7fRrqm12kzFHyUHqHCVpMMbI=",
        "owner": "numtide",
        "repo": "flake-utils",
        "rev": "11707dc2f618dd54ca8739b309ec4fc024de578b",
        "type": "github"
      },
      "original": {
        "owner": "numtide",
        "repo": "flake-utils",
        "type": "github"
      }
    },
    "intent-system": {
      "flake": false,
      "locked": {
        "lastModified": 1788038260,
        "narHash": "sha256-oVALpoogNsYLkeO+6kGBGX5GLJg4O91Bu47mVaO4i7E=",
        "owner": "J-Tech-Japan",
        "repo": "intent-system",
        "rev": "5d553b7a0aeecf8d9939080eada9772963fe35c8",
        "type": "github"
      },
      "original": {
        "owner": "J-Tech-Japan",
        "repo": "intent-system",
        "type": "github"
      }
    },
    "intent-system-flake": {
      "inputs": {
        "intent-system": "intent-system",
        "nixpkgs": "nixpkgs"
      },
      "locked": {
        "lastModified": 1788048630,
        "narHash": "sha256-GTvzsen308GaJdG0RTvyphOoAwglkJgNXNbRScCzBU8=",
        "owner": "turtton",
        "repo": "intent-system-flake",
        "rev": "993432802671ff93d4f4f97dbd62ab29428c9319",
        "type": "github"
      },
      "original": {
        "owner": "turtton",
        "repo": "intent-system-flake",
        "type": "github"
      }
    },
    "nixpkgs": {
      "locked": {
        "lastModified": 1781074563,
        "narHash": "sha256-md8WlXOlfnIeHeOScMTTHFyf2d6iaTwPl2apR5EQ3P4=",
        "owner": "NixOS",
        "repo": "nixpkgs",
        "rev": "9ae611a455b90cf061d8f332b977e387bda8e1ca",
        "type": "github"
      },
      "original": {
        "owner": "NixOS",
        "ref": "nixos-unstable",
        "repo": "nixpkgs",
        "type": "github"
      }
    },
    "nixpkgs_2": {
      "locked": {
        "lastModified": 1786348146,
        "narHash": "sha256-we5zDEFfn8TgzeWKjKDMIjeQZ59omEPl23NIF+13/ys=",
        "owner": "NixOS",
        "repo": "nixpkgs",
        "rev": "d482ef84049d9b7276b83a06e4e4d76983830097",
        "type": "github"
      },
      "original": {
        "owner": "NixOS",
        "ref": "nixpkgs-unstable",
        "repo": "nixpkgs",
        "type": "github"
      }
    },
    "root": {
      "inputs": {
        "flake-utils": "flake-utils",
        "intent-system-flake": "intent-system-flake",
        "nixpkgs": "nixpkgs_2",
        "systems": "systems"
      }
    },
    "systems": {
      "locked": {
        "lastModified": 1681028828,
        "narHash": "sha256-Vy1rq5AaRuLzOxct8nz4T6wlgyUR7zLU309k9mBC768=",
        "owner": "nix-systems",
        "repo": "default",
        "rev": "da67096a3b9bf56a91d16901293e51ba5b49a27e",
        "type": "github"
      },
      "original": {
        "owner": "nix-systems",
        "repo": "default",
        "type": "github"
      }
    }
  },
  "root": "root",
  "version": 7
}
